version = 1
revision = 2
requires-python = ">=3.10"

[[package]]
name = "opensourcesmartdevice"
version = "0.1"
source = { editable = "." }
dependencies = [
    { name = "paho-mqtt" },
    { name = "uv-build" },
]

[package.metadata]
requires-dist = [
    { name = "paho-mqtt", specifier = ">=2.1.0" },
    { name = "uv-build", specifier = ">=0.7.9" },
]

[[package]]
name = "paho-mqtt"
version = "2.1.0"
source = { registry = "https://pypi.org/simple" }
sdist = { url = "https://files.pythonhosted.org/packages/39/15/0a6214e76d4d32e7f663b109cf71fb22561c2be0f701d67f93950cd40542/paho_mqtt-2.1.0.tar.gz", hash = "sha256:12d6e7511d4137555a3f6ea167ae846af2c7357b10bc6fa4f7c3968fc1723834", size = 148848, upload-time = "2024-04-29T19:52:55.591Z" }
wheels = [
    { url = "https://files.pythonhosted.org/packages/c4/cb/00451c3cf31790287768bb12c6bec834f5d292eaf3022afc88e14b8afc94/paho_mqtt-2.1.0-py3-none-any.whl", hash = "sha256:6db9ba9b34ed5bc6b6e3812718c7e06e2fd7444540df2455d2c51bd58808feee", size = 67219, upload-time = "2024-04-29T19:52:48.345Z" },
]

[[package]]
name = "uv-build"
version = "0.7.9"
source = { registry = "https://pypi.org/simple" }
sdist = { url = "https://files.pythonhosted.org/packages/4e/7a/a2cdc00819522943f340f7d5b3db7fe8f5aab7febd2f3c325d7e6e86a5ed/uv_build-0.7.9.tar.gz", hash = "sha256:a6ce8f5cebc94998b68e874d37e4396f4b0039e72a759065a6b8b08413250568", size = 308177, upload-time = "2025-05-30T19:54:03.885Z" }
wheels = [
    { url = "https://files.pythonhosted.org/packages/c0/c3/4b6188aa7835c076bd35b264a546b5565bb64d5ab67fa0eae213487e646b/uv_build-0.7.9-py3-none-linux_armv6l.whl", hash = "sha256:9380428f2732e7439d7076f1ef15af5c8225066c1d4c2a90bef789e41c8d4308", size = 1169365, upload-time = "2025-05-30T19:53:31.986Z" },
    { url = "https://files.pythonhosted.org/packages/c5/10/ed13c2db2bcf51faaf57b0ea12d38abd6b321599f05126a2f8fd8d75184c/uv_build-0.7.9-py3-none-macosx_10_12_x86_64.whl", hash = "sha256:a8044d1f9dc8d9185d2d080169adbc3c5302e99030bb21a1f6562e6d89172b86", size = 1151690, upload-time = "2025-05-30T19:53:33.701Z" },
    { url = "https://files.pythonhosted.org/packages/74/b3/3975298e2fcf8b5d29035d9fe29abec9446cead43dabb7321813b5be9c5b/uv_build-0.7.9-py3-none-macosx_11_0_arm64.whl", hash = "sha256:8af1e6f466d52f1a560e087c30ebf14378ff5c2f3794d3ea60725293c8b37af1", size = 1081380, upload-time = "2025-05-30T19:53:35.389Z" },
    { url = "https://files.pythonhosted.org/packages/c0/7a/79607d029311970f39b875fd4e47644aa8cba44bac47eb2df57ec93f13bf/uv_build-0.7.9-py3-none-manylinux_2_17_aarch64.manylinux2014_aarch64.musllinux_1_1_aarch64.whl", hash = "sha256:58d58b020761ac55fd928d9d9aace3c60604fcccb0f8b5a888616e6d075c39bf", size = 1229012, upload-time = "2025-05-30T19:53:39.017Z" },
    { url = "https://files.pythonhosted.org/packages/fe/61/677092723fca18d17f831bd829f259f209b514a41bbeb5956c17e5fc75db/uv_build-0.7.9-py3-none-manylinux_2_17_armv7l.manylinux2014_armv7l.whl", hash = "sha256:28945fdde73d3899f093eaa86519a12936078501827003632a7f1afc226d8149", size = 1132767, upload-time = "2025-05-30T19:53:40.724Z" },
    { url = "https://files.pythonhosted.org/packages/94/a3/0f5032ecaa9173fa342f9739bdcaa9360097567cd4dbc4111c835c1134b2/uv_build-0.7.9-py3-none-manylinux_2_17_i686.manylinux2014_i686.whl", hash = "sha256:e83209e718c348010bee28a89cd2e666d2b9ba8b2bd1999a324f72c0990a2090", size = 1282688, upload-time = "2025-05-30T19:53:42.522Z" },
    { url = "https://files.pythonhosted.org/packages/4b/e0/46d99170ce2220b342ff13548da67c054e5c7e4594475e567fafef7153da/uv_build-0.7.9-py3-none-manylinux_2_17_ppc64.manylinux2014_ppc64.whl", hash = "sha256:e31685d0b45e9ab28a0d788b00f1253e933e83017401030672dacdb673d2dc88", size = 1417414, upload-time = "2025-05-30T19:53:43.88Z" },
    { url = "https://files.pythonhosted.org/packages/ef/b1/f8fd2eeb58e85bfed9556abb9ea58ef4e98de8bc41386a2c81eccdbe0151/uv_build-0.7.9-py3-none-manylinux_2_17_ppc64le.manylinux2014_ppc64le.whl", hash = "sha256:1ec9e5379bfba53bf26f3137ac5da8f4831542424b60fb16a9ec26275e993f1d", size = 1333902, upload-time = "2025-05-30T19:53:45.669Z" },
    { url = "https://files.pythonhosted.org/packages/77/00/388048f8f28d038b93971d397bf4a178f6b1894ea9cf8a52ea9523acaf71/uv_build-0.7.9-py3-none-manylinux_2_17_s390x.manylinux2014_s390x.whl", hash = "sha256:f4744b0e305b03441ce44df920d83966efecc9a7bf0a21a64c2ca412d8aea9c1", size = 1283368, upload-time = "2025-05-30T19:53:47.054Z" },
    { url = "https://files.pythonhosted.org/packages/58/cb/549e71b2a4660e6ac76096679634367b126748d4b6bd04b45ed056245af1/uv_build-0.7.9-py3-none-manylinux_2_17_x86_64.manylinux2014_x86_64.whl", hash = "sha256:3eacd473d12db0eac29fc2f2c4a889d0f5b5114f5c90734146d279cb2bc0255f", size = 1285076, upload-time = "2025-05-30T19:53:48.427Z" },
    { url = "https://files.pythonhosted.org/packages/0c/7b/c35e0f536c979ab16098f9a8bca3418dab5c288b39200b54b8ac9776cc09/uv_build-0.7.9-py3-none-manylinux_2_28_aarch64.whl", hash = "sha256:e5db5986a733f33ac4a1a11ce02f6cb368745ba77680a85bd3fa58dec10e3d4b", size = 1235458, upload-time = "2025-05-30T19:53:50.399Z" },
    { url = "https://files.pythonhosted.org/packages/26/b2/f70110c8b58e63abf5924e870bf608ba51c48f96a11acf3f3af862fbd572/uv_build-0.7.9-py3-none-musllinux_1_1_armv7l.whl", hash = "sha256:2e0c9199c1ae844d52fe251128d2c9aec08b5f08c6b6cf0189d1ba5b693527fd", size = 1145459, upload-time = "2025-05-30T19:53:52.201Z" },
    { url = "https://files.pythonhosted.org/packages/d3/33/9ebf8a1a1ce6909060691d14207ba09d83a62cdd3da56299b21dfea379ed/uv_build-0.7.9-py3-none-musllinux_1_1_i686.whl", hash = "sha256:495af5a5d197a7f73071f5653c56e36f6ab2a3b755307fa1f6bf5a0ac844dcb6", size = 1249655, upload-time = "2025-05-30T19:53:53.531Z" },
    { url = "https://files.pythonhosted.org/packages/66/6a/162b736bcc53fd7baf64bfe40906cfe05e9b38ddfe295831bbfd9eb8515e/uv_build-0.7.9-py3-none-musllinux_1_1_x86_64.whl", hash = "sha256:9cbdac9752bf93d1a9c9086c488912c44712fd9385022d67ea74bafd0bf4cb9a", size = 1337089, upload-time = "2025-05-30T19:53:55.212Z" },
    { url = "https://files.pythonhosted.org/packages/77/9e/ed93ccde342b71a24cd0f853b911bfa7400e5d5dbf74fccc43e8761066a8/uv_build-0.7.9-py3-none-win32.whl", hash = "sha256:ad67fec651cfd91519675ec15d518fd9ac4bf0015e5eac7d66fc1509acd2f4d9", size = 1089963, upload-time = "2025-05-30T19:53:56.615Z" },
    { url = "https://files.pythonhosted.org/packages/2f/5e/a084529a03a19d0f20974c5314d3c0bf2e1a27cebb1831d6c6afbed401e4/uv_build-0.7.9-py3-none-win_amd64.whl", hash = "sha256:b7cf3b5c0c6ac88158392a9db2f4d0c1fd03345ebbbd8a9249dbbc7689543fc0", size = 1148886, upload-time = "2025-05-30T19:53:58.437Z" },
    { url = "https://files.pythonhosted.org/packages/1a/70/1a1bb1b0f59a1f6b2d86ce4203d271ec0e1dc4b6817a8ded854562df8422/uv_build-0.7.9-py3-none-win_arm64.whl", hash = "sha256:bd618ecbd466f879c3b58ac0eb95760d91675ed389f5b720679eb2348377b684", size = 1062868, upload-time = "2025-05-30T19:54:01.166Z" },
]
